// !$*UTF8*$!
{
	archiveVersion = 1;
	classes = {
	};
	objectVersion = 56;
	objects = {

/* Begin PBXBuildFile section */
		07EEA09728EBEB6E0037B324 /* AppDelegate.swift in Sources */ = {isa = PBXBuildFile; fileRef = 07EEA09628EBEB6E0037B324 /* AppDelegate.swift */; };
		07EEA09928EBEB6E0037B324 /* SceneDelegate.swift in Sources */ = {isa = PBXBuildFile; fileRef = 07EEA09828EBEB6E0037B324 /* SceneDelegate.swift */; };
		07EEA0A028EBEB700037B324 /* Assets.xcassets in Resources */ = {isa = PBXBuildFile; fileRef = 07EEA09F28EBEB700037B324 /* Assets.xcassets */; };
		07EEA0A328EBEB700037B324 /* LaunchScreen.storyboard in Resources */ = {isa = PBXBuildFile; fileRef = 07EEA0A128EBEB700037B324 /* LaunchScreen.storyboard */; };
		07EEA0AE28EBEB700037B324 /* TabBarTests.swift in Sources */ = {isa = PBXBuildFile; fileRef = 07EEA0AD28EBEB700037B324 /* TabBarTests.swift */; };
		07EEA0B828EBEB700037B324 /* TabBarUITests.swift in Sources */ = {isa = PBXBuildFile; fileRef = 07EEA0B728EBEB700037B324 /* TabBarUITests.swift */; };
		07EEA0BA28EBEB700037B324 /* TabBarUITestsLaunchTests.swift in Sources */ = {isa = PBXBuildFile; fileRef = 07EEA0B928EBEB700037B324 /* TabBarUITestsLaunchTests.swift */; };
		07EEA0D228EC1F200037B324 /* HomeViewController.swift in Sources */ = {isa = PBXBuildFile; fileRef = 07EEA0D028EC1F200037B324 /* HomeViewController.swift */; };
		07EEA0D328EC1F200037B324 /* HomeViewController.xib in Resources */ = {isa = PBXBuildFile; fileRef = 07EEA0D128EC1F200037B324 /* HomeViewController.xib */; };
		07EEA0D628EC1F470037B324 /* ProfileViewController.swift in Sources */ = {isa = PBXBuildFile; fileRef = 07EEA0D428EC1F470037B324 /* ProfileViewController.swift */; };
		07EEA0D728EC1F470037B324 /* ProfileViewController.xib in Resources */ = {isa = PBXBuildFile; fileRef = 07EEA0D528EC1F470037B324 /* ProfileViewController.xib */; };
		07EEA0DC28EC1F690037B324 /* MessageViewController.swift in Sources */ = {isa = PBXBuildFile; fileRef = 07EEA0DA28EC1F690037B324 /* MessageViewController.swift */; };
		07EEA0DD28EC1F690037B324 /* MessageViewController.xib in Resources */ = {isa = PBXBuildFile; fileRef = 07EEA0DB28EC1F690037B324 /* MessageViewController.xib */; };
/* End PBXBuildFile section */

/* Begin PBXContainerItemProxy section */
		07EEA0AA28EBEB700037B324 /* PBXContainerItemProxy */ = {
			isa = PBXContainerItemProxy;
			containerPortal = 07EEA08B28EBEB6E0037B324 /* Project object */;
			proxyType = 1;
			remoteGlobalIDString = 07EEA09228EBEB6E0037B324;
			remoteInfo = TabBar;
		};
		07EEA0B428EBEB700037B324 /* PBXContainerItemProxy */ = {
			isa = PBXContainerItemProxy;
			containerPortal = 07EEA08B28EBEB6E0037B324 /* Project object */;
			proxyType = 1;
			remoteGlobalIDString = 07EEA09228EBEB6E0037B324;
			remoteInfo = TabBar;
		};
/* End PBXContainerItemProxy section */

/* Begin PBXFileReference section */
		07EEA09328EBEB6E0037B324 /* TabBar.app */ = {isa = PBXFileReference; explicitFileType = wrapper.application; includeInIndex = 0; path = TabBar.app; sourceTree = BUILT_PRODUCTS_DIR; };
		07EEA09628EBEB6E0037B324 /* AppDelegate.swift */ = {isa = PBXFileReference; lastKnownFileType = sourcecode.swift; path = AppDelegate.swift; sourceTree = "<group>"; };
		07EEA09828EBEB6E0037B324 /* SceneDelegate.swift */ = {isa = PBXFileReference; lastKnownFileType = sourcecode.swift; path = SceneDelegate.swift; sourceTree = "<group>"; };
		07EEA09F28EBEB700037B324 /* Assets.xcassets */ = {isa = PBXFileReference; lastKnownFileType = folder.assetcatalog; path = Assets.xcassets; sourceTree = "<group>"; };
		07EEA0A228EBEB700037B324 /* Base */ = {isa = PBXFileReference; lastKnownFileType = file.storyboard; name = Base; path = Base.lproj/LaunchScreen.storyboard; sourceTree = "<group>"; };
		07EEA0A428EBEB700037B324 /* Info.plist */ = {isa = PBXFileReference; lastKnownFileType = text.plist.xml; path = Info.plist; sourceTree = "<group>"; };
		07EEA0A928EBEB700037B324 /* TabBarTests.xctest */ = {isa = PBXFileReference; explicitFileType = wrapper.cfbundle; includeInIndex = 0; path = TabBarTests.xctest; sourceTree = BUILT_PRODUCTS_DIR; };
		07EEA0AD28EBEB700037B324 /* TabBarTests.swift */ = {isa = PBXFileReference; lastKnownFileType = sourcecode.swift; path = TabBarTests.swift; sourceTree = "<group>"; };
		07EEA0B328EBEB700037B324 /* TabBarUITests.xctest */ = {isa = PBXFileReference; explicitFileType = wrapper.cfbundle; includeInIndex = 0; path = TabBarUITests.xctest; sourceTree = BUILT_PRODUCTS_DIR; };
		07EEA0B728EBEB700037B324 /* TabBarUITests.swift */ = {isa = PBXFileReference; lastKnownFileType = sourcecode.swift; path = TabBarUITests.swift; sourceTree = "<group>"; };
		07EEA0B928EBEB700037B324 /* TabBarUITestsLaunchTests.swift */ = {isa = PBXFileReference; lastKnownFileType = sourcecode.swift; path = TabBarUITestsLaunchTests.swift; sourceTree = "<group>"; };
		07EEA0D028EC1F200037B324 /* HomeViewController.swift */ = {isa = PBXFileReference; lastKnownFileType = sourcecode.swift; path = HomeViewController.swift; sourceTree = "<group>"; };
		07EEA0D128EC1F200037B324 /* HomeViewController.xib */ = {isa = PBXFileReference; lastKnownFileType = file.xib; path = HomeViewController.xib; sourceTree = "<group>"; };
		07EEA0D428EC1F470037B324 /* ProfileViewController.swift */ = {isa = PBXFileReference; lastKnownFileType = sourcecode.swift; path = ProfileViewController.swift; sourceTree = "<group>"; };
		07EEA0D528EC1F470037B324 /* ProfileViewController.xib */ = {isa = PBXFileReference; lastKnownFileType = file.xib; path = ProfileViewController.xib; sourceTree = "<group>"; };
		07EEA0DA28EC1F690037B324 /* MessageViewController.swift */ = {isa = PBXFileReference; lastKnownFileType = sourcecode.swift; path = MessageViewController.swift; sourceTree = "<group>"; };
		07EEA0DB28EC1F690037B324 /* MessageViewController.xib */ = {isa = PBXFileReference; lastKnownFileType = file.xib; path = MessageViewController.xib; sourceTree = "<group>"; };
/* End PBXFileReference section */

/* Begin PBXFrameworksBuildPhase section */
		07EEA09028EBEB6E0037B324 /* Frameworks */ = {
			isa = PBXFrameworksBuildPhase;
			buildActionMask = 2147483647;
			files = (
			);
			runOnlyForDeploymentPostprocessing = 0;
		};
		07EEA0A628EBEB700037B324 /* Frameworks */ = {
			isa = PBXFrameworksBuildPhase;
			buildActionMask = 2147483647;
			files = (
			);
			runOnlyForDeploymentPostprocessing = 0;
		};
		07EEA0B028EBEB700037B324 /* Frameworks */ = {
			isa = PBXFrameworksBuildPhase;
			buildActionMask = 2147483647;
			files = (
			);
			runOnlyForDeploymentPostprocessing = 0;
		};
/* End PBXFrameworksBuildPhase section */

/* Begin PBXGroup section */
		07EEA08A28EBEB6E0037B324 = {
			isa = PBXGroup;
			children = (
				07EEA09528EBEB6E0037B324 /* TabBar */,
				07EEA0AC28EBEB700037B324 /* TabBarTests */,
				07EEA0B628EBEB700037B324 /* TabBarUITests */,
				07EEA09428EBEB6E0037B324 /* Products */,
			);
			sourceTree = "<group>";
		};
		07EEA09428EBEB6E0037B324 /* Products */ = {
			isa = PBXGroup;
			children = (
				07EEA09328EBEB6E0037B324 /* TabBar.app */,
				07EEA0A928EBEB700037B324 /* TabBarTests.xctest */,
				07EEA0B328EBEB700037B324 /* TabBarUITests.xctest */,
			);
			name = Products;
			sourceTree = "<group>";
		};
		07EEA09528EBEB6E0037B324 /* TabBar */ = {
			isa = PBXGroup;
			children = (
				07EEA0C828EC1AF80037B324 /* AppDelegate */,
				07EEA0C928EC1B0D0037B324 /* Controllers */,
				07EEA0CA28EC1B380037B324 /* Resources */,
				07EEA0CB28EC1B6B0037B324 /* Views */,
				07EEA0CC28EC1B910037B324 /* ViewModels */,
				07EEA0A428EBEB700037B324 /* Info.plist */,
			);
			path = TabBar;
			sourceTree = "<group>";
		};
		07EEA0AC28EBEB700037B324 /* TabBarTests */ = {
			isa = PBXGroup;
			children = (
				07EEA0AD28EBEB700037B324 /* TabBarTests.swift */,
			);
			path = TabBarTests;
			sourceTree = "<group>";
		};
		07EEA0B628EBEB700037B324 /* TabBarUITests */ = {
			isa = PBXGroup;
			children = (
				07EEA0B728EBEB700037B324 /* TabBarUITests.swift */,
				07EEA0B928EBEB700037B324 /* TabBarUITestsLaunchTests.swift */,
			);
			path = TabBarUITests;
			sourceTree = "<group>";
		};
		07EEA0C828EC1AF80037B324 /* AppDelegate */ = {
			isa = PBXGroup;
			children = (
				07EEA09828EBEB6E0037B324 /* SceneDelegate.swift */,
				07EEA09628EBEB6E0037B324 /* AppDelegate.swift */,
			);
			path = AppDelegate;
			sourceTree = "<group>";
		};
		07EEA0C928EC1B0D0037B324 /* Controllers */ = {
			isa = PBXGroup;
			children = (
				07EEA0CF28EC1E2A0037B324 /* MessageVC */,
				07EEA0CE28EC1E1D0037B324 /* ProfileVC */,
				07EEA0CD28EC1E0A0037B324 /* HomeVC */,
			);
			path = Controllers;
			sourceTree = "<group>";
		};
		07EEA0CA28EC1B380037B324 /* Resources */ = {
			isa = PBXGroup;
			children = (
				07EEA09F28EBEB700037B324 /* Assets.xcassets */,
				07EEA0A128EBEB700037B324 /* LaunchScreen.storyboard */,
			);
			path = Resources;
			sourceTree = "<group>";
		};
		07EEA0CB28EC1B6B0037B324 /* Views */ = {
			isa = PBXGroup;
			children = (
			);
			path = Views;
			sourceTree = "<group>";
		};
		07EEA0CC28EC1B910037B324 /* ViewModels */ = {
			isa = PBXGroup;
			children = (
			);
			path = ViewModels;
			sourceTree = "<group>";
		};
		07EEA0CD28EC1E0A0037B324 /* HomeVC */ = {
			isa = PBXGroup;
			children = (
				07EEA0D028EC1F200037B324 /* HomeViewController.swift */,
				07EEA0D128EC1F200037B324 /* HomeViewController.xib */,
			);
			path = HomeVC;
			sourceTree = "<group>";
		};
		07EEA0CE28EC1E1D0037B324 /* ProfileVC */ = {
			isa = PBXGroup;
			children = (
				07EEA0D428EC1F470037B324 /* ProfileViewController.swift */,
				07EEA0D528EC1F470037B324 /* ProfileViewController.xib */,
			);
			path = ProfileVC;
			sourceTree = "<group>";
		};
		07EEA0CF28EC1E2A0037B324 /* MessageVC */ = {
			isa = PBXGroup;
			children = (
				07EEA0DA28EC1F690037B324 /* MessageViewController.swift */,
				07EEA0DB28EC1F690037B324 /* MessageViewController.xib */,
			);
			path = MessageVC;
			sourceTree = "<group>";
		};
/* End PBXGroup section */

/* Begin PBXNativeTarget section */
		07EEA09228EBEB6E0037B324 /* TabBar */ = {
			isa = PBXNativeTarget;
			buildConfigurationList = 07EEA0BD28EBEB700037B324 /* Build configuration list for PBXNativeTarget "TabBar" */;
			buildPhases = (
				07EEA08F28EBEB6E0037B324 /* Sources */,
				07EEA09028EBEB6E0037B324 /* Frameworks */,
				07EEA09128EBEB6E0037B324 /* Resources */,
			);
			buildRules = (
			);
			dependencies = (
			);
			name = TabBar;
			productName = TabBar;
			productReference = 07EEA09328EBEB6E0037B324 /* TabBar.app */;
			productType = "com.apple.product-type.application";
		};
		07EEA0A828EBEB700037B324 /* TabBarTests */ = {
			isa = PBXNativeTarget;
			buildConfigurationList = 07EEA0C028EBEB700037B324 /* Build configuration list for PBXNativeTarget "TabBarTests" */;
			buildPhases = (
				07EEA0A528EBEB700037B324 /* Sources */,
				07EEA0A628EBEB700037B324 /* Frameworks */,
				07EEA0A728EBEB700037B324 /* Resources */,
			);
			buildRules = (
			);
			dependencies = (
				07EEA0AB28EBEB700037B324 /* PBXTargetDependency */,
			);
			name = TabBarTests;
			productName = TabBarTests;
			productReference = 07EEA0A928EBEB700037B324 /* TabBarTests.xctest */;
			productType = "com.apple.product-type.bundle.unit-test";
		};
		07EEA0B228EBEB700037B324 /* TabBarUITests */ = {
			isa = PBXNativeTarget;
			buildConfigurationList = 07EEA0C328EBEB700037B324 /* Build configuration list for PBXNativeTarget "TabBarUITests" */;
			buildPhases = (
				07EEA0AF28EBEB700037B324 /* Sources */,
				07EEA0B028EBEB700037B324 /* Frameworks */,
				07EEA0B128EBEB700037B324 /* Resources */,
			);
			buildRules = (
			);
			dependencies = (
				07EEA0B528EBEB700037B324 /* PBXTargetDependency */,
			);
			name = TabBarUITests;
			productName = TabBarUITests;
			productReference = 07EEA0B328EBEB700037B324 /* TabBarUITests.xctest */;
			productType = "com.apple.product-type.bundle.ui-testing";
		};
/* End PBXNativeTarget section */

/* Begin PBXProject section */
		07EEA08B28EBEB6E0037B324 /* Project object */ = {
			isa = PBXProject;
			attributes = {
				BuildIndependentTargetsInParallel = 1;
				LastSwiftUpdateCheck = 1400;
				LastUpgradeCheck = 1400;
				TargetAttributes = {
					07EEA09228EBEB6E0037B324 = {
						CreatedOnToolsVersion = 14.0.1;
					};
					07EEA0A828EBEB700037B324 = {
						CreatedOnToolsVersion = 14.0.1;
						TestTargetID = 07EEA09228EBEB6E0037B324;
					};
					07EEA0B228EBEB700037B324 = {
						CreatedOnToolsVersion = 14.0.1;
						TestTargetID = 07EEA09228EBEB6E0037B324;
					};
				};
			};
			buildConfigurationList = 07EEA08E28EBEB6E0037B324 /* Build configuration list for PBXProject "TabBar" */;
			compatibilityVersion = "Xcode 14.0";
			developmentRegion = en;
			hasScannedForEncodings = 0;
			knownRegions = (
				en,
				Base,
			);
			mainGroup = 07EEA08A28EBEB6E0037B324;
			productRefGroup = 07EEA09428EBEB6E0037B324 /* Products */;
			projectDirPath = "";
			projectRoot = "";
			targets = (
				07EEA09228EBEB6E0037B324 /* TabBar */,
				07EEA0A828EBEB700037B324 /* TabBarTests */,
				07EEA0B228EBEB700037B324 /* TabBarUITests */,
			);
		};
/* End PBXProject section */

/* Begin PBXResourcesBuildPhase section */
		07EEA09128EBEB6E0037B324 /* Resources */ = {
			isa = PBXResourcesBuildPhase;
			buildActionMask = 2147483647;
			files = (
				07EEA0A328EBEB700037B324 /* LaunchScreen.storyboard in Resources */,
				07EEA0A028EBEB700037B324 /* Assets.xcassets in Resources */,
				07EEA0DD28EC1F690037B324 /* MessageViewController.xib in Resources */,
				07EEA0D728EC1F470037B324 /* ProfileViewController.xib in Resources */,
				07EEA0D328EC1F200037B324 /* HomeViewController.xib in Resources */,
			);
			runOnlyForDeploymentPostprocessing = 0;
		};
		07EEA0A728EBEB700037B324 /* Resources */ = {
			isa = PBXResourcesBuildPhase;
			buildActionMask = 2147483647;
			files = (
			);
			runOnlyForDeploymentPostprocessing = 0;
		};
		07EEA0B128EBEB700037B324 /* Resources */ = {
			isa = PBXResourcesBuildPhase;
			buildActionMask = 2147483647;
			files = (
			);
			runOnlyForDeploymentPostprocessing = 0;
		};
/* End PBXResourcesBuildPhase section */

/* Begin PBXSourcesBuildPhase section */
		07EEA08F28EBEB6E0037B324 /* Sources */ = {
			isa = PBXSourcesBuildPhase;
			buildActionMask = 2147483647;
			files = (
				07EEA09728EBEB6E0037B324 /* AppDelegate.swift in Sources */,
				07EEA0D628EC1F470037B324 /* ProfileViewController.swift in Sources */,
				07EEA09928EBEB6E0037B324 /* SceneDelegate.swift in Sources */,
				07EEA0DC28EC1F690037B324 /* MessageViewController.swift in Sources */,
				07EEA0D228EC1F200037B324 /* HomeViewController.swift in Sources */,
			);
			runOnlyForDeploymentPostprocessing = 0;
		};
		07EEA0A528EBEB700037B324 /* Sources */ = {
			isa = PBXSourcesBuildPhase;
			buildActionMask = 2147483647;
			files = (
				07EEA0AE28EBEB700037B324 /* TabBarTests.swift in Sources */,
			);
			runOnlyForDeploymentPostprocessing = 0;
		};
		07EEA0AF28EBEB700037B324 /* Sources */ = {
			isa = PBXSourcesBuildPhase;
			buildActionMask = 2147483647;
			files = (
				07EEA0BA28EBEB700037B324 /* TabBarUITestsLaunchTests.swift in Sources */,
				07EEA0B828EBEB700037B324 /* TabBarUITests.swift in Sources */,
			);
			runOnlyForDeploymentPostprocessing = 0;
		};
/* End PBXSourcesBuildPhase section */

/* Begin PBXTargetDependency section */
		07EEA0AB28EBEB700037B324 /* PBXTargetDependency */ = {
			isa = PBXTargetDependency;
			target = 07EEA09228EBEB6E0037B324 /* TabBar */;
			targetProxy = 07EEA0AA28EBEB700037B324 /* PBXContainerItemProxy */;
		};
		07EEA0B528EBEB700037B324 /* PBXTargetDependency */ = {
			isa = PBXTargetDependency;
			target = 07EEA09228EBEB6E0037B324 /* TabBar */;
			targetProxy = 07EEA0B428EBEB700037B324 /* PBXContainerItemProxy */;
		};
/* End PBXTargetDependency section */

/* Begin PBXVariantGroup section */
		07EEA0A128EBEB700037B324 /* LaunchScreen.storyboard */ = {
			isa = PBXVariantGroup;
			children = (
				07EEA0A228EBEB700037B324 /* Base */,
			);
			name = LaunchScreen.storyboard;
			sourceTree = "<group>";
		};
/* End PBXVariantGroup section */

/* Begin XCBuildConfiguration section */
		07EEA0BB28EBEB700037B324 /* Debug */ = {
			isa = XCBuildConfiguration;
			buildSettings = {
				ALWAYS_SEARCH_USER_PATHS = NO;
				CLANG_ANALYZER_NONNULL = YES;
				CLANG_ANALYZER_NUMBER_OBJECT_CONVERSION = YES_AGGRESSIVE;
				CLANG_CXX_LANGUAGE_STANDARD = "gnu++20";
				CLANG_ENABLE_MODULES = YES;
				CLANG_ENABLE_OBJC_ARC = YES;
				CLANG_ENABLE_OBJC_WEAK = YES;
				CLANG_WARN_BLOCK_CAPTURE_AUTORELEASING = YES;
				CLANG_WARN_BOOL_CONVERSION = YES;
				CLANG_WARN_COMMA = YES;
				CLANG_WARN_CONSTANT_CONVERSION = YES;
				CLANG_WARN_DEPRECATED_OBJC_IMPLEMENTATIONS = YES;
				CLANG_WARN_DIRECT_OBJC_ISA_USAGE = YES_ERROR;
				CLANG_WARN_DOCUMENTATION_COMMENTS = YES;
				CLANG_WARN_EMPTY_BODY = YES;
				CLANG_WARN_ENUM_CONVERSION = YES;
				CLANG_WARN_INFINITE_RECURSION = YES;
				CLANG_WARN_INT_CONVERSION = YES;
				CLANG_WARN_NON_LITERAL_NULL_CONVERSION = YES;
				CLANG_WARN_OBJC_IMPLICIT_RETAIN_SELF = YES;
				CLANG_WARN_OBJC_LITERAL_CONVERSION = YES;
				CLANG_WARN_OBJC_ROOT_CLASS = YES_ERROR;
				CLANG_WARN_QUOTED_INCLUDE_IN_FRAMEWORK_HEADER = YES;
				CLANG_WARN_RANGE_LOOP_ANALYSIS = YES;
				CLANG_WARN_STRICT_PROTOTYPES = YES;
				CLANG_WARN_SUSPICIOUS_MOVE = YES;
				CLANG_WARN_UNGUARDED_AVAILABILITY = YES_AGGRESSIVE;
				CLANG_WARN_UNREACHABLE_CODE = YES;
				CLANG_WARN__DUPLICATE_METHOD_MATCH = YES;
				COPY_PHASE_STRIP = NO;
				DEBUG_INFORMATION_FORMAT = dwarf;
				ENABLE_STRICT_OBJC_MSGSEND = YES;
				ENABLE_TESTABILITY = YES;
				GCC_C_LANGUAGE_STANDARD = gnu11;
				GCC_DYNAMIC_NO_PIC = NO;
				GCC_NO_COMMON_BLOCKS = YES;
				GCC_OPTIMIZATION_LEVEL = 0;
				GCC_PREPROCESSOR_DEFINITIONS = (
					"DEBUG=1",
					"$(inherited)",
				);
				GCC_WARN_64_TO_32_BIT_CONVERSION = YES;
				GCC_WARN_ABOUT_RETURN_TYPE = YES_ERROR;
				GCC_WARN_UNDECLARED_SELECTOR = YES;
				GCC_WARN_UNINITIALIZED_AUTOS = YES_AGGRESSIVE;
				GCC_WARN_UNUSED_FUNCTION = YES;
				GCC_WARN_UNUSED_VARIABLE = YES;
				IPHONEOS_DEPLOYMENT_TARGET = 16.0;
				MTL_ENABLE_DEBUG_INFO = INCLUDE_SOURCE;
				MTL_FAST_MATH = YES;
				ONLY_ACTIVE_ARCH = YES;
				SDKROOT = iphoneos;
				SWIFT_ACTIVE_COMPILATION_CONDITIONS = DEBUG;
				SWIFT_OPTIMIZATION_LEVEL = "-Onone";
			};
			name = Debug;
		};
		07EEA0BC28EBEB700037B324 /* Release */ = {
			isa = XCBuildConfiguration;
			buildSettings = {
				ALWAYS_SEARCH_USER_PATHS = NO;
				CLANG_ANALYZER_NONNULL = YES;
				CLANG_ANALYZER_NUMBER_OBJECT_CONVERSION = YES_AGGRESSIVE;
				CLANG_CXX_LANGUAGE_STANDARD = "gnu++20";
				CLANG_ENABLE_MODULES = YES;
				CLANG_ENABLE_OBJC_ARC = YES;
				CLANG_ENABLE_OBJC_WEAK = YES;
				CLANG_WARN_BLOCK_CAPTURE_AUTORELEASING = YES;
				CLANG_WARN_BOOL_CONVERSION = YES;
				CLANG_WARN_COMMA = YES;
				CLANG_WARN_CONSTANT_CONVERSION = YES;
				CLANG_WARN_DEPRECATED_OBJC_IMPLEMENTATIONS = YES;
				CLANG_WARN_DIRECT_OBJC_ISA_USAGE = YES_ERROR;
				CLANG_WARN_DOCUMENTATION_COMMENTS = YES;
				CLANG_WARN_EMPTY_BODY = YES;
				CLANG_WARN_ENUM_CONVERSION = YES;
				CLANG_WARN_INFINITE_RECURSION = YES;
				CLANG_WARN_INT_CONVERSION = YES;
				CLANG_WARN_NON_LITERAL_NULL_CONVERSION = YES;
				CLANG_WARN_OBJC_IMPLICIT_RETAIN_SELF = YES;
				CLANG_WARN_OBJC_LITERAL_CONVERSION = YES;
				CLANG_WARN_OBJC_ROOT_CLASS = YES_ERROR;
				CLANG_WARN_QUOTED_INCLUDE_IN_FRAMEWORK_HEADER = YES;
				CLANG_WARN_RANGE_LOOP_ANALYSIS = YES;
				CLANG_WARN_STRICT_PROTOTYPES = YES;
				CLANG_WARN_SUSPICIOUS_MOVE = YES;
				CLANG_WARN_UNGUARDED_AVAILABILITY = YES_AGGRESSIVE;
				CLANG_WARN_UNREACHABLE_CODE = YES;
				CLANG_WARN__DUPLICATE_METHOD_MATCH = YES;
				COPY_PHASE_STRIP = NO;
				DEBUG_INFORMATION_FORMAT = "dwarf-with-dsym";
				ENABLE_NS_ASSERTIONS = NO;
				ENABLE_STRICT_OBJC_MSGSEND = YES;
				GCC_C_LANGUAGE_STANDARD = gnu11;
				GCC_NO_COMMON_BLOCKS = YES;
				GCC_WARN_64_TO_32_BIT_CONVERSION = YES;
				GCC_WARN_ABOUT_RETURN_TYPE = YES_ERROR;
				GCC_WARN_UNDECLARED_SELECTOR = YES;
				GCC_WARN_UNINITIALIZED_AUTOS = YES_AGGRESSIVE;
				GCC_WARN_UNUSED_FUNCTION = YES;
				GCC_WARN_UNUSED_VARIABLE = YES;
				IPHONEOS_DEPLOYMENT_TARGET = 16.0;
				MTL_ENABLE_DEBUG_INFO = NO;
				MTL_FAST_MATH = YES;
				SDKROOT = iphoneos;
				SWIFT_COMPILATION_MODE = wholemodule;
				SWIFT_OPTIMIZATION_LEVEL = "-O";
				VALIDATE_PRODUCT = YES;
			};
			name = Release;
		};
		07EEA0BE28EBEB700037B324 /* Debug */ = {
			isa = XCBuildConfiguration;
			buildSettings = {
				ASSETCATALOG_COMPILER_APPICON_NAME = AppIcon;
				ASSETCATALOG_COMPILER_GLOBAL_ACCENT_COLOR_NAME = AccentColor;
				CODE_SIGN_STYLE = Automatic;
				CURRENT_PROJECT_VERSION = 1;
				DEVELOPMENT_TEAM = W52H926X8C;
				GENERATE_INFOPLIST_FILE = YES;
				INFOPLIST_FILE = TabBar/Info.plist;
				INFOPLIST_KEY_UIApplicationSupportsIndirectInputEvents = YES;
				INFOPLIST_KEY_UILaunchStoryboardName = LaunchScreen;
				INFOPLIST_KEY_UIMainStoryboardFile = "";
				INFOPLIST_KEY_UIStatusBarStyle = "";
				INFOPLIST_KEY_UISupportedInterfaceOrientations_iPad = "UIInterfaceOrientationPortrait UIInterfaceOrientationPortraitUpsideDown UIInterfaceOrientationLandscapeLeft UIInterfaceOrientationLandscapeRight";
				INFOPLIST_KEY_UISupportedInterfaceOrientations_iPhone = "UIInterfaceOrientationPortrait UIInterfaceOrientationLandscapeLeft UIInterfaceOrientationLandscapeRight";
				IPHONEOS_DEPLOYMENT_TARGET = 14.0;
				LD_RUNPATH_SEARCH_PATHS = (
					"$(inherited)",
					"@executable_path/Frameworks",
				);
				MARKETING_VERSION = 1.0;
				PRODUCT_BUNDLE_IDENTIFIER = "Quang-Ha.TabBar";
				PRODUCT_NAME = "$(TARGET_NAME)";
				SUPPORTED_PLATFORMS = "iphoneos iphonesimulator";
				SUPPORTS_MACCATALYST = NO;
				SUPPORTS_MAC_DESIGNED_FOR_IPHONE_IPAD = NO;
				SWIFT_EMIT_LOC_STRINGS = YES;
				SWIFT_VERSION = 5.0;
				TARGETED_DEVICE_FAMILY = 1;
			};
			name = Debug;
		};
		07EEA0BF28EBEB700037B324 /* Release */ = {
			isa = XCBuildConfiguration;
			buildSettings = {
				ASSETCATALOG_COMPILER_APPICON_NAME = AppIcon;
				ASSETCATALOG_COMPILER_GLOBAL_ACCENT_COLOR_NAME = AccentColor;
				CODE_SIGN_STYLE = Automatic;
				CURRENT_PROJECT_VERSION = 1;
				DEVELOPMENT_TEAM = W52H926X8C;
				GENERATE_INFOPLIST_FILE = YES;
				INFOPLIST_FILE = TabBar/Info.plist;
				INFOPLIST_KEY_UIApplicationSupportsIndirectInputEvents = YES;
				INFOPLIST_KEY_UILaunchStoryboardName = LaunchScreen;
				INFOPLIST_KEY_UIMainStoryboardFile = "";
				INFOPLIST_KEY_UIStatusBarStyle = "";
				INFOPLIST_KEY_UISupportedInterfaceOrientations_iPad = "UIInterfaceOrientationPortrait UIInterfaceOrientationPortraitUpsideDown UIInterfaceOrientationLandscapeLeft UIInterfaceOrientationLandscapeRight";
				INFOPLIST_KEY_UISupportedInterfaceOrientations_iPhone = "UIInterfaceOrientationPortrait UIInterfaceOrientationLandscapeLeft UIInterfaceOrientationLandscapeRight";
				IPHONEOS_DEPLOYMENT_TARGET = 14.0;
				LD_RUNPATH_SEARCH_PATHS = (
					"$(inherited)",
					"@executable_path/Frameworks",
				);
				MARKETING_VERSION = 1.0;
				PRODUCT_BUNDLE_IDENTIFIER = "Quang-Ha.TabBar";
				PRODUCT_NAME = "$(TARGET_NAME)";
				SUPPORTED_PLATFORMS = "iphoneos iphonesimulator";
				SUPPORTS_MACCATALYST = NO;
				SUPPORTS_MAC_DESIGNED_FOR_IPHONE_IPAD = NO;
				SWIFT_EMIT_LOC_STRINGS = YES;
				SWIFT_VERSION = 5.0;
				TARGETED_DEVICE_FAMILY = 1;
			};
			name = Release;
		};
		07EEA0C128EBEB700037B324 /* Debug */ = {
			isa = XCBuildConfiguration;
			buildSettings = {
				ALWAYS_EMBED_SWIFT_STANDARD_LIBRARIES = YES;
				BUNDLE_LOADER = "$(TEST_HOST)";
				CODE_SIGN_STYLE = Automatic;
				CURRENT_PROJECT_VERSION = 1;
				DEVELOPMENT_TEAM = W52H926X8C;
				GENERATE_INFOPLIST_FILE = YES;
				IPHONEOS_DEPLOYMENT_TARGET = 16.0;
				MARKETING_VERSION = 1.0;
				PRODUCT_BUNDLE_IDENTIFIER = "Quang-Ha.TabBarTests";
				PRODUCT_NAME = "$(TARGET_NAME)";
				SWIFT_EMIT_LOC_STRINGS = NO;
				SWIFT_VERSION = 5.0;
				TARGETED_DEVICE_FAMILY = "1,2";
				TEST_HOST = "$(BUILT_PRODUCTS_DIR)/TabBar.app/$(BUNDLE_EXECUTABLE_FOLDER_PATH)/TabBar";
			};
			name = Debug;
		};
		07EEA0C228EBEB700037B324 /* Release */ = {
			isa = XCBuildConfiguration;
			buildSettings = {
				ALWAYS_EMBED_SWIFT_STANDARD_LIBRARIES = YES;
				BUNDLE_LOADER = "$(TEST_HOST)";
				CODE_SIGN_STYLE = Automatic;
				CURRENT_PROJECT_VERSION = 1;
				DEVELOPMENT_TEAM = W52H926X8C;
				GENERATE_INFOPLIST_FILE = YES;
				IPHONEOS_DEPLOYMENT_TARGET = 16.0;
				MARKETING_VERSION = 1.0;
				PRODUCT_BUNDLE_IDENTIFIER = "Quang-Ha.TabBarTests";
				PRODUCT_NAME = "$(TARGET_NAME)";
				SWIFT_EMIT_LOC_STRINGS = NO;
				SWIFT_VERSION = 5.0;
				TARGETED_DEVICE_FAMILY = "1,2";
				TEST_HOST = "$(BUILT_PRODUCTS_DIR)/TabBar.app/$(BUNDLE_EXECUTABLE_FOLDER_PATH)/TabBar";
			};
			name = Release;
		};
		07EEA0C428EBEB700037B324 /* Debug */ = {
			isa = XCBuildConfiguration;
			buildSettings = {
				ALWAYS_EMBED_SWIFT_STANDARD_LIBRARIES = YES;
				CODE_SIGN_STYLE = Automatic;
				CURRENT_PROJECT_VERSION = 1;
				DEVELOPMENT_TEAM = W52H926X8C;
				GENERATE_INFOPLIST_FILE = YES;
				MARKETING_VERSION = 1.0;
				PRODUCT_BUNDLE_IDENTIFIER = "Quang-Ha.TabBarUITests";
				PRODUCT_NAME = "$(TARGET_NAME)";
				SWIFT_EMIT_LOC_STRINGS = NO;
				SWIFT_VERSION = 5.0;
				TARGETED_DEVICE_FAMILY = "1,2";
				TEST_TARGET_NAME = TabBar;
			};
			name = Debug;
		};
		07EEA0C528EBEB700037B324 /* Release */ = {
			isa = XCBuildConfiguration;
			buildSettings = {
				ALWAYS_EMBED_SWIFT_STANDARD_LIBRARIES = YES;
				CODE_SIGN_STYLE = Automatic;
				CURRENT_PROJECT_VERSION = 1;
				DEVELOPMENT_TEAM = W52H926X8C;
				GENERATE_INFOPLIST_FILE = YES;
				MARKETING_VERSION = 1.0;
				PRODUCT_BUNDLE_IDENTIFIER = "Quang-Ha.TabBarUITests";
				PRODUCT_NAME = "$(TARGET_NAME)";
				SWIFT_EMIT_LOC_STRINGS = NO;
				SWIFT_VERSION = 5.0;
				TARGETED_DEVICE_FAMILY = "1,2";
				TEST_TARGET_NAME = TabBar;
			};
			name = Release;
		};
/* End XCBuildConfiguration section */

/* Begin XCConfigurationList section */
		07EEA08E28EBEB6E0037B324 /* Build configuration list for PBXProject "TabBar" */ = {
			isa = XCConfigurationList;
			buildConfigurations = (
				07EEA0BB28EBEB700037B324 /* Debug */,
				07EEA0BC28EBEB700037B324 /* Release */,
			);
			defaultConfigurationIsVisible = 0;
			defaultConfigurationName = Release;
		};
		07EEA0BD28EBEB700037B324 /* Build configuration list for PBXNativeTarget "TabBar" */ = {
			isa = XCConfigurationList;
			buildConfigurations = (
				07EEA0BE28EBEB700037B324 /* Debug */,
				07EEA0BF28EBEB700037B324 /* Release */,
			);
			defaultConfigurationIsVisible = 0;
			defaultConfigurationName = Release;
		};
		07EEA0C028EBEB700037B324 /* Build configuration list for PBXNativeTarget "TabBarTests" */ = {
			isa = XCConfigurationList;
			buildConfigurations = (
				07EEA0C128EBEB700037B324 /* Debug */,
				07EEA0C228EBEB700037B324 /* Release */,
			);
			defaultConfigurationIsVisible = 0;
			defaultConfigurationName = Release;
		};
		07EEA0C328EBEB700037B324 /* Build configuration list for PBXNativeTarget "TabBarUITests" */ = {
			isa = XCConfigurationList;
			buildConfigurations = (
				07EEA0C428EBEB700037B324 /* Debug */,
				07EEA0C528EBEB700037B324 /* Release */,
			);
			defaultConfigurationIsVisible = 0;
			defaultConfigurationName = Release;
		};
/* End XCConfigurationList section */
	};
	rootObject = 07EEA08B28EBEB6E0037B324 /* Project object */;
}
